
Microsoft Visual Studio Solution File, Format Version 12.00
# Visual Studio Version 16
VisualStudioVersion = 16.0.30320.27
MinimumVisualStudioVersion = 10.0.40219.1
Project("{FAE04EC0-301F-11D3-BF4B-00C04F79EFBC}") = "ElectoralVoting", "ElectoralVoting\ElectoralVoting.csproj", "{3765E8A4-11D5-495B-971E-8C064B8EB1BF}"
EndProject
Global
	GlobalSection(SolutionConfigurationPlatforms) = preSolution
		Debug|Any CPU = Debug|Any CPU
		Release|Any CPU = Release|Any CPU
	EndGlobalSection
	GlobalSection(ProjectConfigurationPlatforms) = postSolution
		{3765E8A4-11D5-495B-971E-8C064B8EB1BF}.Debug|Any CPU.ActiveCfg = Debug|Any CPU
		{3765E8A4-11D5-495B-971E-8C064B8EB1BF}.Debug|Any CPU.Build.0 = Debug|Any CPU
		{3765E8A4-11D5-495B-971E-8C064B8EB1BF}.Release|Any CPU.ActiveCfg = Release|Any CPU
		{3765E8A4-11D5-495B-971E-8C064B8EB1BF}.Release|Any CPU.Build.0 = Release|Any CPU
	EndGlobalSection
	GlobalSection(SolutionProperties) = preSolution
		HideSolutionNode = FALSE
	EndGlobalSection
	GlobalSection(ExtensibilityGlobals) = postSolution
		SolutionGuid = {7F3F27DC-EB02-43D1-A695-FC3063F88532}
	EndGlobalSection
EndGlobal
